
Microsoft Visual Studio Solution File, Format Version 12.00
# Visual Studio 14
VisualStudioVersion = 14.0.25420.1
MinimumVisualStudioVersion = 10.0.40219.1
Project("{FAE04EC0-301F-11D3-BF4B-00C04F79EFBC}") = "WebApp", "M3\after\M3\WebApp\WebApp.csproj", "{34C50F90-32C4-4180-AA7D-97876C447137}"
EndProject
Project("{2150E333-8FDC-42A3-9474-1A3956D46DE8}") = "M3", "M3", "{B37BE917-81BF-4D25-84E4-F477476ADFE4}"
EndProject
Project("{2150E333-8FDC-42A3-9474-1A3956D46DE8}") = "M4", "M4", "{DCDA5748-2EB1-4721-8DA0-88566B072CD3}"
EndProject
Project("{FAE04EC0-301F-11D3-BF4B-00C04F79EFBC}") = "WebApp", "M4\before\WebApp\WebApp.csproj", "{E0C5756B-4244-4638-965F-9CC557335679}"
EndProject
Project("{2150E333-8FDC-42A3-9474-1A3956D46DE8}") = "after", "after", "{81827A11-8D11-416F-8063-95E7441304B2}"
EndProject
Project("{FAE04EC0-301F-11D3-BF4B-00C04F79EFBC}") = "WebApp", "M4\after\M4\WebApp\WebApp.csproj", "{218CB95D-5C75-4046-ABB0-667347239C8A}"
EndProject
Project("{FAE04EC0-301F-11D3-BF4B-00C04F79EFBC}") = "WebApp.Tests", "M4\before\WebApp.Tests\WebApp.Tests.csproj", "{825C0EC7-BC70-4568-97BF-20CDFA83FDD7}"
EndProject
Global
	GlobalSection(SolutionConfigurationPlatforms) = preSolution
		Debug|Any CPU = Debug|Any CPU
		Release|Any CPU = Release|Any CPU
	EndGlobalSection
	GlobalSection(ProjectConfigurationPlatforms) = postSolution
		{34C50F90-32C4-4180-AA7D-97876C447137}.Debug|Any CPU.ActiveCfg = Debug|Any CPU
		{34C50F90-32C4-4180-AA7D-97876C447137}.Debug|Any CPU.Build.0 = Debug|Any CPU
		{34C50F90-32C4-4180-AA7D-97876C447137}.Release|Any CPU.ActiveCfg = Release|Any CPU
		{34C50F90-32C4-4180-AA7D-97876C447137}.Release|Any CPU.Build.0 = Release|Any CPU
		{E0C5756B-4244-4638-965F-9CC557335679}.Debug|Any CPU.ActiveCfg = Debug|Any CPU
		{E0C5756B-4244-4638-965F-9CC557335679}.Debug|Any CPU.Build.0 = Debug|Any CPU
		{E0C5756B-4244-4638-965F-9CC557335679}.Release|Any CPU.ActiveCfg = Release|Any CPU
		{E0C5756B-4244-4638-965F-9CC557335679}.Release|Any CPU.Build.0 = Release|Any CPU
		{218CB95D-5C75-4046-ABB0-667347239C8A}.Debug|Any CPU.ActiveCfg = Debug|Any CPU
		{218CB95D-5C75-4046-ABB0-667347239C8A}.Debug|Any CPU.Build.0 = Debug|Any CPU
		{218CB95D-5C75-4046-ABB0-667347239C8A}.Release|Any CPU.ActiveCfg = Release|Any CPU
		{218CB95D-5C75-4046-ABB0-667347239C8A}.Release|Any CPU.Build.0 = Release|Any CPU
		{825C0EC7-BC70-4568-97BF-20CDFA83FDD7}.Debug|Any CPU.ActiveCfg = Debug|Any CPU
		{825C0EC7-BC70-4568-97BF-20CDFA83FDD7}.Debug|Any CPU.Build.0 = Debug|Any CPU
		{825C0EC7-BC70-4568-97BF-20CDFA83FDD7}.Release|Any CPU.ActiveCfg = Release|Any CPU
		{825C0EC7-BC70-4568-97BF-20CDFA83FDD7}.Release|Any CPU.Build.0 = Release|Any CPU
	EndGlobalSection
	GlobalSection(SolutionProperties) = preSolution
		HideSolutionNode = FALSE
	EndGlobalSection
	GlobalSection(NestedProjects) = preSolution
		{34C50F90-32C4-4180-AA7D-97876C447137} = {B37BE917-81BF-4D25-84E4-F477476ADFE4}
		{E0C5756B-4244-4638-965F-9CC557335679} = {DCDA5748-2EB1-4721-8DA0-88566B072CD3}
		{81827A11-8D11-416F-8063-95E7441304B2} = {DCDA5748-2EB1-4721-8DA0-88566B072CD3}
		{218CB95D-5C75-4046-ABB0-667347239C8A} = {81827A11-8D11-416F-8063-95E7441304B2}
		{825C0EC7-BC70-4568-97BF-20CDFA83FDD7} = {DCDA5748-2EB1-4721-8DA0-88566B072CD3}
	EndGlobalSection
EndGlobal
